// !$*UTF8*$!
{
	archiveVersion = 1;
	classes = {
	};
	objectVersion = 50;
	objects = {

/* Begin PBXBuildFile section */
		3A3CEA272638597F0093AE7E /* ScoreboardViewController.swift in Sources */ = {isa = PBXBuildFile; fileRef = 3A3CEA262638597F0093AE7E /* ScoreboardViewController.swift */; };
		3A8C1F1A2631CB7100CBDC22 /* AppDelegate.swift in Sources */ = {isa = PBXBuildFile; fileRef = 3A8C1F192631CB7100CBDC22 /* AppDelegate.swift */; };
		3A8C1F1C2631CB7100CBDC22 /* SceneDelegate.swift in Sources */ = {isa = PBXBuildFile; fileRef = 3A8C1F1B2631CB7100CBDC22 /* SceneDelegate.swift */; };
		3A8C1F212631CB7100CBDC22 /* Main.storyboard in Resources */ = {isa = PBXBuildFile; fileRef = 3A8C1F1F2631CB7100CBDC22 /* Main.storyboard */; };
		3A8C1F232631CB7300CBDC22 /* Assets.xcassets in Resources */ = {isa = PBXBuildFile; fileRef = 3A8C1F222631CB7300CBDC22 /* Assets.xcassets */; };
		3A8C1F262631CB7300CBDC22 /* LaunchScreen.storyboard in Resources */ = {isa = PBXBuildFile; fileRef = 3A8C1F242631CB7300CBDC22 /* LaunchScreen.storyboard */; };
		3A8C1F322631E68A00CBDC22 /* SettingViewController.swift in Sources */ = {isa = PBXBuildFile; fileRef = 3A8C1F312631E68A00CBDC22 /* SettingViewController.swift */; };
		3A8C1F362631E6B900CBDC22 /* HomePageViewController.swift in Sources */ = {isa = PBXBuildFile; fileRef = 3A8C1F352631E6B900CBDC22 /* HomePageViewController.swift */; };
		3A8C1F392631E70100CBDC22 /* GameViewController.swift in Sources */ = {isa = PBXBuildFile; fileRef = 3A8C1F382631E70100CBDC22 /* GameViewController.swift */; };
		3A8C1F4226331F5900CBDC22 /* Bubble.swift in Sources */ = {isa = PBXBuildFile; fileRef = 3A8C1F4126331F5900CBDC22 /* Bubble.swift */; };
		3A9845CD263AF6AA006A274A /* EndGameViewController.swift in Sources */ = {isa = PBXBuildFile; fileRef = 3A9845CC263AF6AA006A274A /* EndGameViewController.swift */; };
/* End PBXBuildFile section */

/* Begin PBXFileReference section */
		3A3CEA262638597F0093AE7E /* ScoreboardViewController.swift */ = {isa = PBXFileReference; lastKnownFileType = sourcecode.swift; path = ScoreboardViewController.swift; sourceTree = "<group>"; };
		3A8C1F162631CB7100CBDC22 /* Pop it.app */ = {isa = PBXFileReference; explicitFileType = wrapper.application; includeInIndex = 0; path = "Pop it.app"; sourceTree = BUILT_PRODUCTS_DIR; };
		3A8C1F192631CB7100CBDC22 /* AppDelegate.swift */ = {isa = PBXFileReference; lastKnownFileType = sourcecode.swift; path = AppDelegate.swift; sourceTree = "<group>"; };
		3A8C1F1B2631CB7100CBDC22 /* SceneDelegate.swift */ = {isa = PBXFileReference; lastKnownFileType = sourcecode.swift; path = SceneDelegate.swift; sourceTree = "<group>"; };
		3A8C1F202631CB7100CBDC22 /* Base */ = {isa = PBXFileReference; lastKnownFileType = file.storyboard; name = Base; path = Base.lproj/Main.storyboard; sourceTree = "<group>"; };
		3A8C1F222631CB7300CBDC22 /* Assets.xcassets */ = {isa = PBXFileReference; lastKnownFileType = folder.assetcatalog; path = Assets.xcassets; sourceTree = "<group>"; };
		3A8C1F252631CB7300CBDC22 /* Base */ = {isa = PBXFileReference; lastKnownFileType = file.storyboard; name = Base; path = Base.lproj/LaunchScreen.storyboard; sourceTree = "<group>"; };
		3A8C1F272631CB7300CBDC22 /* Info.plist */ = {isa = PBXFileReference; lastKnownFileType = text.plist.xml; path = Info.plist; sourceTree = "<group>"; };
		3A8C1F312631E68A00CBDC22 /* SettingViewController.swift */ = {isa = PBXFileReference; lastKnownFileType = sourcecode.swift; path = SettingViewController.swift; sourceTree = "<group>"; };
		3A8C1F352631E6B900CBDC22 /* HomePageViewController.swift */ = {isa = PBXFileReference; lastKnownFileType = sourcecode.swift; path = HomePageViewController.swift; sourceTree = "<group>"; };
		3A8C1F382631E70100CBDC22 /* GameViewController.swift */ = {isa = PBXFileReference; lastKnownFileType = sourcecode.swift; path = GameViewController.swift; sourceTree = "<group>"; };
		3A8C1F4126331F5900CBDC22 /* Bubble.swift */ = {isa = PBXFileReference; lastKnownFileType = sourcecode.swift; path = Bubble.swift; sourceTree = "<group>"; };
		3A9845CC263AF6AA006A274A /* EndGameViewController.swift */ = {isa = PBXFileReference; lastKnownFileType = sourcecode.swift; path = EndGameViewController.swift; sourceTree = "<group>"; };
/* End PBXFileReference section */

/* Begin PBXFrameworksBuildPhase section */
		3A8C1F132631CB7100CBDC22 /* Frameworks */ = {
			isa = PBXFrameworksBuildPhase;
			buildActionMask = 2147483647;
			files = (
			);
			runOnlyForDeploymentPostprocessing = 0;
		};
/* End PBXFrameworksBuildPhase section */

/* Begin PBXGroup section */
		3A8C1F0D2631CB7000CBDC22 = {
			isa = PBXGroup;
			children = (
				3A8C1F182631CB7100CBDC22 /* Pop it */,
				3A8C1F172631CB7100CBDC22 /* Products */,
			);
			sourceTree = "<group>";
		};
		3A8C1F172631CB7100CBDC22 /* Products */ = {
			isa = PBXGroup;
			children = (
				3A8C1F162631CB7100CBDC22 /* Pop it.app */,
			);
			name = Products;
			sourceTree = "<group>";
		};
		3A8C1F182631CB7100CBDC22 /* Pop it */ = {
			isa = PBXGroup;
			children = (
				3A9845CA263AF4BC006A274A /* Model */,
				3A8C1F3E26330FC900CBDC22 /* Controller */,
				3A9E87AD263B23910088C7DD /* View */,
				3A8C1F222631CB7300CBDC22 /* Assets.xcassets */,
				3A8C1F1B2631CB7100CBDC22 /* SceneDelegate.swift */,
				3A8C1F192631CB7100CBDC22 /* AppDelegate.swift */,
				3A8C1F242631CB7300CBDC22 /* LaunchScreen.storyboard */,
				3A8C1F272631CB7300CBDC22 /* Info.plist */,
			);
			path = "Pop it";
			sourceTree = "<group>";
		};
		3A8C1F3E26330FC900CBDC22 /* Controller */ = {
			isa = PBXGroup;
			children = (
				3A8C1F312631E68A00CBDC22 /* SettingViewController.swift */,
				3A8C1F382631E70100CBDC22 /* GameViewController.swift */,
				3A8C1F352631E6B900CBDC22 /* HomePageViewController.swift */,
				3A3CEA262638597F0093AE7E /* ScoreboardViewController.swift */,
				3A9845CC263AF6AA006A274A /* EndGameViewController.swift */,
			);
			path = Controller;
			sourceTree = "<group>";
		};
		3A9845CA263AF4BC006A274A /* Model */ = {
			isa = PBXGroup;
			children = (
				3A8C1F4126331F5900CBDC22 /* Bubble.swift */,
			);
			path = Model;
			sourceTree = "<group>";
		};
		3A9E87AD263B23910088C7DD /* View */ = {
			isa = PBXGroup;
			children = (
				3A8C1F1F2631CB7100CBDC22 /* Main.storyboard */,
			);
			path = View;
			sourceTree = "<group>";
		};
/* End PBXGroup section */

/* Begin PBXNativeTarget section */
		3A8C1F152631CB7100CBDC22 /* Pop it */ = {
			isa = PBXNativeTarget;
			buildConfigurationList = 3A8C1F2A2631CB7300CBDC22 /* Build configuration list for PBXNativeTarget "Pop it" */;
			buildPhases = (
				3A8C1F122631CB7100CBDC22 /* Sources */,
				3A8C1F132631CB7100CBDC22 /* Frameworks */,
				3A8C1F142631CB7100CBDC22 /* Resources */,
			);
			buildRules = (
			);
			dependencies = (
			);
			name = "Pop it";
			productName = "Pop it";
			productReference = 3A8C1F162631CB7100CBDC22 /* Pop it.app */;
			productType = "com.apple.product-type.application";
		};
/* End PBXNativeTarget section */

/* Begin PBXProject section */
		3A8C1F0E2631CB7100CBDC22 /* Project object */ = {
			isa = PBXProject;
			attributes = {
				LastSwiftUpdateCheck = 1240;
				LastUpgradeCheck = 1240;
				TargetAttributes = {
					3A8C1F152631CB7100CBDC22 = {
						CreatedOnToolsVersion = 12.4;
					};
				};
			};
			buildConfigurationList = 3A8C1F112631CB7100CBDC22 /* Build configuration list for PBXProject "Pop it" */;
			compatibilityVersion = "Xcode 9.3";
			developmentRegion = en;
			hasScannedForEncodings = 0;
			knownRegions = (
				en,
				Base,
			);
			mainGroup = 3A8C1F0D2631CB7000CBDC22;
			productRefGroup = 3A8C1F172631CB7100CBDC22 /* Products */;
			projectDirPath = "";
			projectRoot = "";
			targets = (
				3A8C1F152631CB7100CBDC22 /* Pop it */,
			);
		};
/* End PBXProject section */

/* Begin PBXResourcesBuildPhase section */
		3A8C1F142631CB7100CBDC22 /* Resources */ = {
			isa = PBXResourcesBuildPhase;
			buildActionMask = 2147483647;
			files = (
				3A8C1F262631CB7300CBDC22 /* LaunchScreen.storyboard in Resources */,
				3A8C1F232631CB7300CBDC22 /* Assets.xcassets in Resources */,
				3A8C1F212631CB7100CBDC22 /* Main.storyboard in Resources */,
			);
			runOnlyForDeploymentPostprocessing = 0;
		};
/* End PBXResourcesBuildPhase section */

/* Begin PBXSourcesBuildPhase section */
		3A8C1F122631CB7100CBDC22 /* Sources */ = {
			isa = PBXSourcesBuildPhase;
			buildActionMask = 2147483647;
			files = (
				3A8C1F322631E68A00CBDC22 /* SettingViewController.swift in Sources */,
				3A8C1F4226331F5900CBDC22 /* Bubble.swift in Sources */,
				3A8C1F1A2631CB7100CBDC22 /* AppDelegate.swift in Sources */,
				3A3CEA272638597F0093AE7E /* ScoreboardViewController.swift in Sources */,
				3A8C1F362631E6B900CBDC22 /* HomePageViewController.swift in Sources */,
				3A8C1F392631E70100CBDC22 /* GameViewController.swift in Sources */,
				3A9845CD263AF6AA006A274A /* EndGameViewController.swift in Sources */,
				3A8C1F1C2631CB7100CBDC22 /* SceneDelegate.swift in Sources */,
			);
			runOnlyForDeploymentPostprocessing = 0;
		};
/* End PBXSourcesBuildPhase section */

/* Begin PBXVariantGroup section */
		3A8C1F1F2631CB7100CBDC22 /* Main.storyboard */ = {
			isa = PBXVariantGroup;
			children = (
				3A8C1F202631CB7100CBDC22 /* Base */,
			);
			name = Main.storyboard;
			sourceTree = "<group>";
		};
		3A8C1F242631CB7300CBDC22 /* LaunchScreen.storyboard */ = {
			isa = PBXVariantGroup;
			children = (
				3A8C1F252631CB7300CBDC22 /* Base */,
			);
			name = LaunchScreen.storyboard;
			sourceTree = "<group>";
		};
/* End PBXVariantGroup section */

/* Begin XCBuildConfiguration section */
		3A8C1F282631CB7300CBDC22 /* Debug */ = {
			isa = XCBuildConfiguration;
			buildSettings = {
				ALWAYS_SEARCH_USER_PATHS = NO;
				CLANG_ANALYZER_NONNULL = YES;
				CLANG_ANALYZER_NUMBER_OBJECT_CONVERSION = YES_AGGRESSIVE;
				CLANG_CXX_LANGUAGE_STANDARD = "gnu++14";
				CLANG_CXX_LIBRARY = "libc++";
				CLANG_ENABLE_MODULES = YES;
				CLANG_ENABLE_OBJC_ARC = YES;
				CLANG_ENABLE_OBJC_WEAK = YES;
				CLANG_WARN_BLOCK_CAPTURE_AUTORELEASING = YES;
				CLANG_WARN_BOOL_CONVERSION = YES;
				CLANG_WARN_COMMA = YES;
				CLANG_WARN_CONSTANT_CONVERSION = YES;
				CLANG_WARN_DEPRECATED_OBJC_IMPLEMENTATIONS = YES;
				CLANG_WARN_DIRECT_OBJC_ISA_USAGE = YES_ERROR;
				CLANG_WARN_DOCUMENTATION_COMMENTS = YES;
				CLANG_WARN_EMPTY_BODY = YES;
				CLANG_WARN_ENUM_CONVERSION = YES;
				CLANG_WARN_INFINITE_RECURSION = YES;
				CLANG_WARN_INT_CONVERSION = YES;
				CLANG_WARN_NON_LITERAL_NULL_CONVERSION = YES;
				CLANG_WARN_OBJC_IMPLICIT_RETAIN_SELF = YES;
				CLANG_WARN_OBJC_LITERAL_CONVERSION = YES;
				CLANG_WARN_OBJC_ROOT_CLASS = YES_ERROR;
				CLANG_WARN_QUOTED_INCLUDE_IN_FRAMEWORK_HEADER = YES;
				CLANG_WARN_RANGE_LOOP_ANALYSIS = YES;
				CLANG_WARN_STRICT_PROTOTYPES = YES;
				CLANG_WARN_SUSPICIOUS_MOVE = YES;
				CLANG_WARN_UNGUARDED_AVAILABILITY = YES_AGGRESSIVE;
				CLANG_WARN_UNREACHABLE_CODE = YES;
				CLANG_WARN__DUPLICATE_METHOD_MATCH = YES;
				COPY_PHASE_STRIP = NO;
				DEBUG_INFORMATION_FORMAT = dwarf;
				ENABLE_STRICT_OBJC_MSGSEND = YES;
				ENABLE_TESTABILITY = YES;
				GCC_C_LANGUAGE_STANDARD = gnu11;
				GCC_DYNAMIC_NO_PIC = NO;
				GCC_NO_COMMON_BLOCKS = YES;
				GCC_OPTIMIZATION_LEVEL = 0;
				GCC_PREPROCESSOR_DEFINITIONS = (
					"DEBUG=1",
					"$(inherited)",
				);
				GCC_WARN_64_TO_32_BIT_CONVERSION = YES;
				GCC_WARN_ABOUT_RETURN_TYPE = YES_ERROR;
				GCC_WARN_UNDECLARED_SELECTOR = YES;
				GCC_WARN_UNINITIALIZED_AUTOS = YES_AGGRESSIVE;
				GCC_WARN_UNUSED_FUNCTION = YES;
				GCC_WARN_UNUSED_VARIABLE = YES;
				IPHONEOS_DEPLOYMENT_TARGET = 14.4;
				MTL_ENABLE_DEBUG_INFO = INCLUDE_SOURCE;
				MTL_FAST_MATH = YES;
				ONLY_ACTIVE_ARCH = YES;
				SDKROOT = iphoneos;
				SWIFT_ACTIVE_COMPILATION_CONDITIONS = DEBUG;
				SWIFT_OPTIMIZATION_LEVEL = "-Onone";
			};
			name = Debug;
		};
		3A8C1F292631CB7300CBDC22 /* Release */ = {
			isa = XCBuildConfiguration;
			buildSettings = {
				ALWAYS_SEARCH_USER_PATHS = NO;
				CLANG_ANALYZER_NONNULL = YES;
				CLANG_ANALYZER_NUMBER_OBJECT_CONVERSION = YES_AGGRESSIVE;
				CLANG_CXX_LANGUAGE_STANDARD = "gnu++14";
				CLANG_CXX_LIBRARY = "libc++";
				CLANG_ENABLE_MODULES = YES;
				CLANG_ENABLE_OBJC_ARC = YES;
				CLANG_ENABLE_OBJC_WEAK = YES;
				CLANG_WARN_BLOCK_CAPTURE_AUTORELEASING = YES;
				CLANG_WARN_BOOL_CONVERSION = YES;
				CLANG_WARN_COMMA = YES;
				CLANG_WARN_CONSTANT_CONVERSION = YES;
				CLANG_WARN_DEPRECATED_OBJC_IMPLEMENTATIONS = YES;
				CLANG_WARN_DIRECT_OBJC_ISA_USAGE = YES_ERROR;
				CLANG_WARN_DOCUMENTATION_COMMENTS = YES;
				CLANG_WARN_EMPTY_BODY = YES;
				CLANG_WARN_ENUM_CONVERSION = YES;
				CLANG_WARN_INFINITE_RECURSION = YES;
				CLANG_WARN_INT_CONVERSION = YES;
				CLANG_WARN_NON_LITERAL_NULL_CONVERSION = YES;
				CLANG_WARN_OBJC_IMPLICIT_RETAIN_SELF = YES;
				CLANG_WARN_OBJC_LITERAL_CONVERSION = YES;
				CLANG_WARN_OBJC_ROOT_CLASS = YES_ERROR;
				CLANG_WARN_QUOTED_INCLUDE_IN_FRAMEWORK_HEADER = YES;
				CLANG_WARN_RANGE_LOOP_ANALYSIS = YES;
				CLANG_WARN_STRICT_PROTOTYPES = YES;
				CLANG_WARN_SUSPICIOUS_MOVE = YES;
				CLANG_WARN_UNGUARDED_AVAILABILITY = YES_AGGRESSIVE;
				CLANG_WARN_UNREACHABLE_CODE = YES;
				CLANG_WARN__DUPLICATE_METHOD_MATCH = YES;
				COPY_PHASE_STRIP = NO;
				DEBUG_INFORMATION_FORMAT = "dwarf-with-dsym";
				ENABLE_NS_ASSERTIONS = NO;
				ENABLE_STRICT_OBJC_MSGSEND = YES;
				GCC_C_LANGUAGE_STANDARD = gnu11;
				GCC_NO_COMMON_BLOCKS = YES;
				GCC_WARN_64_TO_32_BIT_CONVERSION = YES;
				GCC_WARN_ABOUT_RETURN_TYPE = YES_ERROR;
				GCC_WARN_UNDECLARED_SELECTOR = YES;
				GCC_WARN_UNINITIALIZED_AUTOS = YES_AGGRESSIVE;
				GCC_WARN_UNUSED_FUNCTION = YES;
				GCC_WARN_UNUSED_VARIABLE = YES;
				IPHONEOS_DEPLOYMENT_TARGET = 14.4;
				MTL_ENABLE_DEBUG_INFO = NO;
				MTL_FAST_MATH = YES;
				SDKROOT = iphoneos;
				SWIFT_COMPILATION_MODE = wholemodule;
				SWIFT_OPTIMIZATION_LEVEL = "-O";
				VALIDATE_PRODUCT = YES;
			};
			name = Release;
		};
		3A8C1F2B2631CB7300CBDC22 /* Debug */ = {
			isa = XCBuildConfiguration;
			buildSettings = {
				ASSETCATALOG_COMPILER_APPICON_NAME = AppIcon;
				ASSETCATALOG_COMPILER_GLOBAL_ACCENT_COLOR_NAME = AccentColor;
				CODE_SIGN_STYLE = Automatic;
				INFOPLIST_FILE = "Pop it/Info.plist";
				LD_RUNPATH_SEARCH_PATHS = (
					"$(inherited)",
					"@executable_path/Frameworks",
				);
				PRODUCT_BUNDLE_IDENTIFIER = "Assignment.Pop-it";
				PRODUCT_NAME = "$(TARGET_NAME)";
				SWIFT_VERSION = 5.0;
				TARGETED_DEVICE_FAMILY = "1,2";
			};
			name = Debug;
		};
		3A8C1F2C2631CB7300CBDC22 /* Release */ = {
			isa = XCBuildConfiguration;
			buildSettings = {
				ASSETCATALOG_COMPILER_APPICON_NAME = AppIcon;
				ASSETCATALOG_COMPILER_GLOBAL_ACCENT_COLOR_NAME = AccentColor;
				CODE_SIGN_STYLE = Automatic;
				INFOPLIST_FILE = "Pop it/Info.plist";
				LD_RUNPATH_SEARCH_PATHS = (
					"$(inherited)",
					"@executable_path/Frameworks",
				);
				PRODUCT_BUNDLE_IDENTIFIER = "Assignment.Pop-it";
				PRODUCT_NAME = "$(TARGET_NAME)";
				SWIFT_VERSION = 5.0;
				TARGETED_DEVICE_FAMILY = "1,2";
			};
			name = Release;
		};
/* End XCBuildConfiguration section */

/* Begin XCConfigurationList section */
		3A8C1F112631CB7100CBDC22 /* Build configuration list for PBXProject "Pop it" */ = {
			isa = XCConfigurationList;
			buildConfigurations = (
				3A8C1F282631CB7300CBDC22 /* Debug */,
				3A8C1F292631CB7300CBDC22 /* Release */,
			);
			defaultConfigurationIsVisible = 0;
			defaultConfigurationName = Release;
		};
		3A8C1F2A2631CB7300CBDC22 /* Build configuration list for PBXNativeTarget "Pop it" */ = {
			isa = XCConfigurationList;
			buildConfigurations = (
				3A8C1F2B2631CB7300CBDC22 /* Debug */,
				3A8C1F2C2631CB7300CBDC22 /* Release */,
			);
			defaultConfigurationIsVisible = 0;
			defaultConfigurationName = Release;
		};
/* End XCConfigurationList section */
	};
	rootObject = 3A8C1F0E2631CB7100CBDC22 /* Project object */;
}
